
Microsoft Visual Studio Solution File, Format Version 12.00
# Visual Studio Version 16
VisualStudioVersion = 16.0.30503.244
MinimumVisualStudioVersion = 10.0.40219.1
Project("{FAE04EC0-301F-11D3-BF4B-00C04F79EFBC}") = "H2R Library", "H2R Library\H2R Library.csproj", "{57BE0187-B951-459A-AC3B-E81B06000FAD}"
EndProject
Global
	GlobalSection(SolutionConfigurationPlatforms) = preSolution
		Debug|Any CPU = Debug|Any CPU
		Release|Any CPU = Release|Any CPU
	EndGlobalSection
	GlobalSection(ProjectConfigurationPlatforms) = postSolution
		{57BE0187-B951-459A-AC3B-E81B06000FAD}.Debug|Any CPU.ActiveCfg = Debug|Any CPU
		{57BE0187-B951-459A-AC3B-E81B06000FAD}.Debug|Any CPU.Build.0 = Debug|Any CPU
		{57BE0187-B951-459A-AC3B-E81B06000FAD}.Release|Any CPU.ActiveCfg = Release|Any CPU
		{57BE0187-B951-459A-AC3B-E81B06000FAD}.Release|Any CPU.Build.0 = Release|Any CPU
	EndGlobalSection
	GlobalSection(SolutionProperties) = preSolution
		HideSolutionNode = FALSE
	EndGlobalSection
	GlobalSection(ExtensibilityGlobals) = postSolution
		SolutionGuid = {5DCA5391-6C57-4A8D-9E28-1EBDDF311E41}
	EndGlobalSection
EndGlobal
